
Microsoft Visual Studio Solution File, Format Version 12.00
Project("{FAE04EC0-301F-11D3-BF4B-00C04F79EFBC}") = "Dav.AspNetCore.Server", "Dav.AspNetCore.Server\Dav.AspNetCore.Server.csproj", "{F858FC28-A09C-4FD1-B22C-B9551F9801F3}"
EndProject
Project("{FAE04EC0-301F-11D3-BF4B-00C04F79EFBC}") = "Dav.AspNetCore.Server.Example", "..\examples\Dav.AspNetCore.Server.Example\Dav.AspNetCore.Server.Example.csproj", "{B50547D7-C41A-4394-B0BE-FCFD41497130}"
EndProject
Project("{FAE04EC0-301F-11D3-BF4B-00C04F79EFBC}") = "Dav.AspNetCore.Server.Tests", "Dav.AspNetCore.Server.Tests\Dav.AspNetCore.Server.Tests.csproj", "{4FE60AF5-8632-46E5-A4B8-E1D00063F516}"
EndProject
Project("{2150E333-8FDC-42A3-9474-1A3956D46DE8}") = "SolutionFiles", "SolutionFiles", "{2707BD68-93C9-4CFE-94DF-D6CFD9695680}"
	ProjectSection(SolutionItems) = preProject
		..\LICENSE = ..\LICENSE
		..\README.md = ..\README.md
		..\.github\workflows\ci.yml = ..\.github\workflows\ci.yml
		..\.github\workflows\test-report.yml = ..\.github\workflows\test-report.yml
		..\.github\workflows\deploy.yml = ..\.github\workflows\deploy.yml
	EndProjectSection
EndProject
Global
	GlobalSection(SolutionConfigurationPlatforms) = preSolution
		Debug|Any CPU = Debug|Any CPU
		Release|Any CPU = Release|Any CPU
	EndGlobalSection
	GlobalSection(ProjectConfigurationPlatforms) = postSolution
		{F858FC28-A09C-4FD1-B22C-B9551F9801F3}.Debug|Any CPU.ActiveCfg = Debug|Any CPU
		{F858FC28-A09C-4FD1-B22C-B9551F9801F3}.Debug|Any CPU.Build.0 = Debug|Any CPU
		{F858FC28-A09C-4FD1-B22C-B9551F9801F3}.Release|Any CPU.ActiveCfg = Release|Any CPU
		{F858FC28-A09C-4FD1-B22C-B9551F9801F3}.Release|Any CPU.Build.0 = Release|Any CPU
		{B50547D7-C41A-4394-B0BE-FCFD41497130}.Debug|Any CPU.ActiveCfg = Debug|Any CPU
		{B50547D7-C41A-4394-B0BE-FCFD41497130}.Debug|Any CPU.Build.0 = Debug|Any CPU
		{B50547D7-C41A-4394-B0BE-FCFD41497130}.Release|Any CPU.ActiveCfg = Release|Any CPU
		{B50547D7-C41A-4394-B0BE-FCFD41497130}.Release|Any CPU.Build.0 = Release|Any CPU
		{4FE60AF5-8632-46E5-A4B8-E1D00063F516}.Debug|Any CPU.ActiveCfg = Debug|Any CPU
		{4FE60AF5-8632-46E5-A4B8-E1D00063F516}.Debug|Any CPU.Build.0 = Debug|Any CPU
		{4FE60AF5-8632-46E5-A4B8-E1D00063F516}.Release|Any CPU.ActiveCfg = Release|Any CPU
		{4FE60AF5-8632-46E5-A4B8-E1D00063F516}.Release|Any CPU.Build.0 = Release|Any CPU
	EndGlobalSection
	GlobalSection(NestedProjects) = preSolution
	EndGlobalSection
EndGlobal
